
Microsoft Visual Studio Solution File, Format Version 12.00
# Visual Studio 15
VisualStudioVersion = 15.0.28307.102
MinimumVisualStudioVersion = 10.0.40219.1
Project("{FAE04EC0-301F-11D3-BF4B-00C04F79EFBC}") = "Web", "HelloWorld\Web.csproj", "{3252376B-CC05-48AF-AC80-18E7EFB5B1B6}"
EndProject
Project("{FAE04EC0-301F-11D3-BF4B-00C04F79EFBC}") = "DomailEntity", "DomailEntity\DomailEntity.csproj", "{846CB63D-492D-4517-B00E-E1644E263AF4}"
EndProject
Global
	GlobalSection(SolutionConfigurationPlatforms) = preSolution
		Debug|Any CPU = Debug|Any CPU
		Release|Any CPU = Release|Any CPU
	EndGlobalSection
	GlobalSection(ProjectConfigurationPlatforms) = postSolution
		{3252376B-CC05-48AF-AC80-18E7EFB5B1B6}.Debug|Any CPU.ActiveCfg = Debug|Any CPU
		{3252376B-CC05-48AF-AC80-18E7EFB5B1B6}.Debug|Any CPU.Build.0 = Debug|Any CPU
		{3252376B-CC05-48AF-AC80-18E7EFB5B1B6}.Release|Any CPU.ActiveCfg = Release|Any CPU
		{3252376B-CC05-48AF-AC80-18E7EFB5B1B6}.Release|Any CPU.Build.0 = Release|Any CPU
		{846CB63D-492D-4517-B00E-E1644E263AF4}.Debug|Any CPU.ActiveCfg = Debug|Any CPU
		{846CB63D-492D-4517-B00E-E1644E263AF4}.Debug|Any CPU.Build.0 = Debug|Any CPU
		{846CB63D-492D-4517-B00E-E1644E263AF4}.Release|Any CPU.ActiveCfg = Release|Any CPU
		{846CB63D-492D-4517-B00E-E1644E263AF4}.Release|Any CPU.Build.0 = Release|Any CPU
	EndGlobalSection
	GlobalSection(SolutionProperties) = preSolution
		HideSolutionNode = FALSE
	EndGlobalSection
	GlobalSection(ExtensibilityGlobals) = postSolution
		SolutionGuid = {419A8C9D-E711-4D90-BDF5-48F1E2DFD302}
	EndGlobalSection
EndGlobal
